// !$*UTF8*$!
{
	archiveVersion = 1;
	classes = {
	};
	objectVersion = 56;
	objects = {

/* Begin PBXBuildFile section */
		B61641CE299ACD0100008DAC /* ViewModel.swift in Sources */ = {isa = PBXBuildFile; fileRef = B61641CB299ACD0100008DAC /* ViewModel.swift */; };
		B61641CF299ACD0100008DAC /* APIManager.swift in Sources */ = {isa = PBXBuildFile; fileRef = B61641CC299ACD0100008DAC /* APIManager.swift */; };
		B61641D0299ACD0100008DAC /* Model.swift in Sources */ = {isa = PBXBuildFile; fileRef = B61641CD299ACD0100008DAC /* Model.swift */; };
		B61641D3299ACD8A00008DAC /* SwiftKeychainWrapper in Frameworks */ = {isa = PBXBuildFile; productRef = B61641D2299ACD8A00008DAC /* SwiftKeychainWrapper */; };
		B61641D5299AD33E00008DAC /* SourceModel.swift in Sources */ = {isa = PBXBuildFile; fileRef = B61641D4299AD33E00008DAC /* SourceModel.swift */; };
		B635AC07299B998400BCB43C /* NewsDetailView.swift in Sources */ = {isa = PBXBuildFile; fileRef = B635AC06299B998400BCB43C /* NewsDetailView.swift */; };
		B648FDBE299BB29200620A8F /* NewsArticleView.swift in Sources */ = {isa = PBXBuildFile; fileRef = B648FDBD299BB29200620A8F /* NewsArticleView.swift */; };
		B648FDC1299BCC3600620A8F /* SDWebImageSwiftUI in Frameworks */ = {isa = PBXBuildFile; productRef = B648FDC0299BCC3600620A8F /* SDWebImageSwiftUI */; };
		B6B2B64029A9487200FF18C4 /* Extensions.swift in Sources */ = {isa = PBXBuildFile; fileRef = B6B2B63F29A9487200FF18C4 /* Extensions.swift */; };
		B6C90EA5299ACC3E004A008A /* NewsAppApp.swift in Sources */ = {isa = PBXBuildFile; fileRef = B6C90EA4299ACC3E004A008A /* NewsAppApp.swift */; };
		B6C90EA7299ACC3E004A008A /* NewsFeed.swift in Sources */ = {isa = PBXBuildFile; fileRef = B6C90EA6299ACC3E004A008A /* NewsFeed.swift */; };
		B6C90EA9299ACC40004A008A /* Assets.xcassets in Resources */ = {isa = PBXBuildFile; fileRef = B6C90EA8299ACC40004A008A /* Assets.xcassets */; };
		B6C90EAC299ACC40004A008A /* Preview Assets.xcassets in Resources */ = {isa = PBXBuildFile; fileRef = B6C90EAB299ACC40004A008A /* Preview Assets.xcassets */; };
		B6C90EB3299ACC4D004A008A /* Constants.swift in Sources */ = {isa = PBXBuildFile; fileRef = B6C90EB2299ACC4D004A008A /* Constants.swift */; };
		B6EEF8C3299D55FE00FEC518 /* NewsList.swift in Sources */ = {isa = PBXBuildFile; fileRef = B6EEF8C2299D55FE00FEC518 /* NewsList.swift */; };
/* End PBXBuildFile section */

/* Begin PBXFileReference section */
		B61641CB299ACD0100008DAC /* ViewModel.swift */ = {isa = PBXFileReference; fileEncoding = 4; lastKnownFileType = sourcecode.swift; path = ViewModel.swift; sourceTree = "<group>"; };
		B61641CC299ACD0100008DAC /* APIManager.swift */ = {isa = PBXFileReference; fileEncoding = 4; lastKnownFileType = sourcecode.swift; path = APIManager.swift; sourceTree = "<group>"; };
		B61641CD299ACD0100008DAC /* Model.swift */ = {isa = PBXFileReference; fileEncoding = 4; lastKnownFileType = sourcecode.swift; path = Model.swift; sourceTree = "<group>"; };
		B61641D4299AD33E00008DAC /* SourceModel.swift */ = {isa = PBXFileReference; lastKnownFileType = sourcecode.swift; path = SourceModel.swift; sourceTree = "<group>"; };
		B635AC06299B998400BCB43C /* NewsDetailView.swift */ = {isa = PBXFileReference; lastKnownFileType = sourcecode.swift; path = NewsDetailView.swift; sourceTree = "<group>"; };
		B648FDBD299BB29200620A8F /* NewsArticleView.swift */ = {isa = PBXFileReference; lastKnownFileType = sourcecode.swift; path = NewsArticleView.swift; sourceTree = "<group>"; };
		B6B2B63F29A9487200FF18C4 /* Extensions.swift */ = {isa = PBXFileReference; lastKnownFileType = sourcecode.swift; path = Extensions.swift; sourceTree = "<group>"; };
		B6C90EA1299ACC3E004A008A /* NewsApp.app */ = {isa = PBXFileReference; explicitFileType = wrapper.application; includeInIndex = 0; path = NewsApp.app; sourceTree = BUILT_PRODUCTS_DIR; };
		B6C90EA4299ACC3E004A008A /* NewsAppApp.swift */ = {isa = PBXFileReference; lastKnownFileType = sourcecode.swift; path = NewsAppApp.swift; sourceTree = "<group>"; };
		B6C90EA6299ACC3E004A008A /* NewsFeed.swift */ = {isa = PBXFileReference; lastKnownFileType = sourcecode.swift; path = NewsFeed.swift; sourceTree = "<group>"; };
		B6C90EA8299ACC40004A008A /* Assets.xcassets */ = {isa = PBXFileReference; lastKnownFileType = folder.assetcatalog; path = Assets.xcassets; sourceTree = "<group>"; };
		B6C90EAB299ACC40004A008A /* Preview Assets.xcassets */ = {isa = PBXFileReference; lastKnownFileType = folder.assetcatalog; path = "Preview Assets.xcassets"; sourceTree = "<group>"; };
		B6C90EB2299ACC4D004A008A /* Constants.swift */ = {isa = PBXFileReference; lastKnownFileType = sourcecode.swift; path = Constants.swift; sourceTree = "<group>"; };
		B6E5E3FD29B17BC1004694BC /* README.md */ = {isa = PBXFileReference; lastKnownFileType = net.daringfireball.markdown; path = README.md; sourceTree = "<group>"; };
		B6EEF8C2299D55FE00FEC518 /* NewsList.swift */ = {isa = PBXFileReference; lastKnownFileType = sourcecode.swift; path = NewsList.swift; sourceTree = "<group>"; };
/* End PBXFileReference section */

/* Begin PBXFrameworksBuildPhase section */
		B6C90E9E299ACC3E004A008A /* Frameworks */ = {
			isa = PBXFrameworksBuildPhase;
			buildActionMask = 2147483647;
			files = (
				B648FDC1299BCC3600620A8F /* SDWebImageSwiftUI in Frameworks */,
				B61641D3299ACD8A00008DAC /* SwiftKeychainWrapper in Frameworks */,
			);
			runOnlyForDeploymentPostprocessing = 0;
		};
/* End PBXFrameworksBuildPhase section */

/* Begin PBXGroup section */
		B6C90E98299ACC3E004A008A = {
			isa = PBXGroup;
			children = (
				B6E5E3FD29B17BC1004694BC /* README.md */,
				B6C90EA3299ACC3E004A008A /* NewsApp */,
				B6C90EA2299ACC3E004A008A /* Products */,
			);
			sourceTree = "<group>";
		};
		B6C90EA2299ACC3E004A008A /* Products */ = {
			isa = PBXGroup;
			children = (
				B6C90EA1299ACC3E004A008A /* NewsApp.app */,
			);
			name = Products;
			sourceTree = "<group>";
		};
		B6C90EA3299ACC3E004A008A /* NewsApp */ = {
			isa = PBXGroup;
			children = (
				B6C90EA4299ACC3E004A008A /* NewsAppApp.swift */,
				B61641CC299ACD0100008DAC /* APIManager.swift */,
				B6C90EB2299ACC4D004A008A /* Constants.swift */,
				B6B2B63F29A9487200FF18C4 /* Extensions.swift */,
				B61641CD299ACD0100008DAC /* Model.swift */,
				B61641D4299AD33E00008DAC /* SourceModel.swift */,
				B61641CB299ACD0100008DAC /* ViewModel.swift */,
				B6C90EA6299ACC3E004A008A /* NewsFeed.swift */,
				B6EEF8C2299D55FE00FEC518 /* NewsList.swift */,
				B648FDBD299BB29200620A8F /* NewsArticleView.swift */,
				B635AC06299B998400BCB43C /* NewsDetailView.swift */,
				B6C90EA8299ACC40004A008A /* Assets.xcassets */,
				B6C90EAA299ACC40004A008A /* Preview Content */,
			);
			path = NewsApp;
			sourceTree = "<group>";
		};
		B6C90EAA299ACC40004A008A /* Preview Content */ = {
			isa = PBXGroup;
			children = (
				B6C90EAB299ACC40004A008A /* Preview Assets.xcassets */,
			);
			path = "Preview Content";
			sourceTree = "<group>";
		};
/* End PBXGroup section */

/* Begin PBXNativeTarget section */
		B6C90EA0299ACC3E004A008A /* NewsApp */ = {
			isa = PBXNativeTarget;
			buildConfigurationList = B6C90EAF299ACC40004A008A /* Build configuration list for PBXNativeTarget "NewsApp" */;
			buildPhases = (
				B6C90E9D299ACC3E004A008A /* Sources */,
				B6C90E9E299ACC3E004A008A /* Frameworks */,
				B6C90E9F299ACC3E004A008A /* Resources */,
			);
			buildRules = (
			);
			dependencies = (
			);
			name = NewsApp;
			packageProductDependencies = (
				B61641D2299ACD8A00008DAC /* SwiftKeychainWrapper */,
				B648FDC0299BCC3600620A8F /* SDWebImageSwiftUI */,
			);
			productName = NewsApp;
			productReference = B6C90EA1299ACC3E004A008A /* NewsApp.app */;
			productType = "com.apple.product-type.application";
		};
/* End PBXNativeTarget section */

/* Begin PBXProject section */
		B6C90E99299ACC3E004A008A /* Project object */ = {
			isa = PBXProject;
			attributes = {
				BuildIndependentTargetsInParallel = 1;
				LastSwiftUpdateCheck = 1420;
				LastUpgradeCheck = 1420;
				TargetAttributes = {
					B6C90EA0299ACC3E004A008A = {
						CreatedOnToolsVersion = 14.2;
					};
				};
			};
			buildConfigurationList = B6C90E9C299ACC3E004A008A /* Build configuration list for PBXProject "NewsApp" */;
			compatibilityVersion = "Xcode 14.0";
			developmentRegion = en;
			hasScannedForEncodings = 0;
			knownRegions = (
				en,
				Base,
			);
			mainGroup = B6C90E98299ACC3E004A008A;
			packageReferences = (
				B61641D1299ACD8A00008DAC /* XCRemoteSwiftPackageReference "SwiftKeychainWrapper" */,
				B648FDBF299BCC3600620A8F /* XCRemoteSwiftPackageReference "SDWebImageSwiftUI" */,
			);
			productRefGroup = B6C90EA2299ACC3E004A008A /* Products */;
			projectDirPath = "";
			projectRoot = "";
			targets = (
				B6C90EA0299ACC3E004A008A /* NewsApp */,
			);
		};
/* End PBXProject section */

/* Begin PBXResourcesBuildPhase section */
		B6C90E9F299ACC3E004A008A /* Resources */ = {
			isa = PBXResourcesBuildPhase;
			buildActionMask = 2147483647;
			files = (
				B6C90EAC299ACC40004A008A /* Preview Assets.xcassets in Resources */,
				B6C90EA9299ACC40004A008A /* Assets.xcassets in Resources */,
			);
			runOnlyForDeploymentPostprocessing = 0;
		};
/* End PBXResourcesBuildPhase section */

/* Begin PBXSourcesBuildPhase section */
		B6C90E9D299ACC3E004A008A /* Sources */ = {
			isa = PBXSourcesBuildPhase;
			buildActionMask = 2147483647;
			files = (
				B6C90EA7299ACC3E004A008A /* NewsFeed.swift in Sources */,
				B635AC07299B998400BCB43C /* NewsDetailView.swift in Sources */,
				B6C90EA5299ACC3E004A008A /* NewsAppApp.swift in Sources */,
				B61641CF299ACD0100008DAC /* APIManager.swift in Sources */,
				B61641D0299ACD0100008DAC /* Model.swift in Sources */,
				B61641CE299ACD0100008DAC /* ViewModel.swift in Sources */,
				B6EEF8C3299D55FE00FEC518 /* NewsList.swift in Sources */,
				B648FDBE299BB29200620A8F /* NewsArticleView.swift in Sources */,
				B61641D5299AD33E00008DAC /* SourceModel.swift in Sources */,
				B6B2B64029A9487200FF18C4 /* Extensions.swift in Sources */,
				B6C90EB3299ACC4D004A008A /* Constants.swift in Sources */,
			);
			runOnlyForDeploymentPostprocessing = 0;
		};
/* End PBXSourcesBuildPhase section */

/* Begin XCBuildConfiguration section */
		B6C90EAD299ACC40004A008A /* Debug */ = {
			isa = XCBuildConfiguration;
			buildSettings = {
				ALWAYS_SEARCH_USER_PATHS = NO;
				CLANG_ANALYZER_NONNULL = YES;
				CLANG_ANALYZER_NUMBER_OBJECT_CONVERSION = YES_AGGRESSIVE;
				CLANG_CXX_LANGUAGE_STANDARD = "gnu++20";
				CLANG_ENABLE_MODULES = YES;
				CLANG_ENABLE_OBJC_ARC = YES;
				CLANG_ENABLE_OBJC_WEAK = YES;
				CLANG_WARN_BLOCK_CAPTURE_AUTORELEASING = YES;
				CLANG_WARN_BOOL_CONVERSION = YES;
				CLANG_WARN_COMMA = YES;
				CLANG_WARN_CONSTANT_CONVERSION = YES;
				CLANG_WARN_DEPRECATED_OBJC_IMPLEMENTATIONS = YES;
				CLANG_WARN_DIRECT_OBJC_ISA_USAGE = YES_ERROR;
				CLANG_WARN_DOCUMENTATION_COMMENTS = YES;
				CLANG_WARN_EMPTY_BODY = YES;
				CLANG_WARN_ENUM_CONVERSION = YES;
				CLANG_WARN_INFINITE_RECURSION = YES;
				CLANG_WARN_INT_CONVERSION = YES;
				CLANG_WARN_NON_LITERAL_NULL_CONVERSION = YES;
				CLANG_WARN_OBJC_IMPLICIT_RETAIN_SELF = YES;
				CLANG_WARN_OBJC_LITERAL_CONVERSION = YES;
				CLANG_WARN_OBJC_ROOT_CLASS = YES_ERROR;
				CLANG_WARN_QUOTED_INCLUDE_IN_FRAMEWORK_HEADER = YES;
				CLANG_WARN_RANGE_LOOP_ANALYSIS = YES;
				CLANG_WARN_STRICT_PROTOTYPES = YES;
				CLANG_WARN_SUSPICIOUS_MOVE = YES;
				CLANG_WARN_UNGUARDED_AVAILABILITY = YES_AGGRESSIVE;
				CLANG_WARN_UNREACHABLE_CODE = YES;
				CLANG_WARN__DUPLICATE_METHOD_MATCH = YES;
				COPY_PHASE_STRIP = NO;
				DEBUG_INFORMATION_FORMAT = dwarf;
				ENABLE_STRICT_OBJC_MSGSEND = YES;
				ENABLE_TESTABILITY = YES;
				GCC_C_LANGUAGE_STANDARD = gnu11;
				GCC_DYNAMIC_NO_PIC = NO;
				GCC_NO_COMMON_BLOCKS = YES;
				GCC_OPTIMIZATION_LEVEL = 0;
				GCC_PREPROCESSOR_DEFINITIONS = (
					"DEBUG=1",
					"$(inherited)",
				);
				GCC_WARN_64_TO_32_BIT_CONVERSION = YES;
				GCC_WARN_ABOUT_RETURN_TYPE = YES_ERROR;
				GCC_WARN_UNDECLARED_SELECTOR = YES;
				GCC_WARN_UNINITIALIZED_AUTOS = YES_AGGRESSIVE;
				GCC_WARN_UNUSED_FUNCTION = YES;
				GCC_WARN_UNUSED_VARIABLE = YES;
				IPHONEOS_DEPLOYMENT_TARGET = 16.2;
				MTL_ENABLE_DEBUG_INFO = INCLUDE_SOURCE;
				MTL_FAST_MATH = YES;
				ONLY_ACTIVE_ARCH = YES;
				SDKROOT = iphoneos;
				SWIFT_ACTIVE_COMPILATION_CONDITIONS = DEBUG;
				SWIFT_OPTIMIZATION_LEVEL = "-Onone";
			};
			name = Debug;
		};
		B6C90EAE299ACC40004A008A /* Release */ = {
			isa = XCBuildConfiguration;
			buildSettings = {
				ALWAYS_SEARCH_USER_PATHS = NO;
				CLANG_ANALYZER_NONNULL = YES;
				CLANG_ANALYZER_NUMBER_OBJECT_CONVERSION = YES_AGGRESSIVE;
				CLANG_CXX_LANGUAGE_STANDARD = "gnu++20";
				CLANG_ENABLE_MODULES = YES;
				CLANG_ENABLE_OBJC_ARC = YES;
				CLANG_ENABLE_OBJC_WEAK = YES;
				CLANG_WARN_BLOCK_CAPTURE_AUTORELEASING = YES;
				CLANG_WARN_BOOL_CONVERSION = YES;
				CLANG_WARN_COMMA = YES;
				CLANG_WARN_CONSTANT_CONVERSION = YES;
				CLANG_WARN_DEPRECATED_OBJC_IMPLEMENTATIONS = YES;
				CLANG_WARN_DIRECT_OBJC_ISA_USAGE = YES_ERROR;
				CLANG_WARN_DOCUMENTATION_COMMENTS = YES;
				CLANG_WARN_EMPTY_BODY = YES;
				CLANG_WARN_ENUM_CONVERSION = YES;
				CLANG_WARN_INFINITE_RECURSION = YES;
				CLANG_WARN_INT_CONVERSION = YES;
				CLANG_WARN_NON_LITERAL_NULL_CONVERSION = YES;
				CLANG_WARN_OBJC_IMPLICIT_RETAIN_SELF = YES;
				CLANG_WARN_OBJC_LITERAL_CONVERSION = YES;
				CLANG_WARN_OBJC_ROOT_CLASS = YES_ERROR;
				CLANG_WARN_QUOTED_INCLUDE_IN_FRAMEWORK_HEADER = YES;
				CLANG_WARN_RANGE_LOOP_ANALYSIS = YES;
				CLANG_WARN_STRICT_PROTOTYPES = YES;
				CLANG_WARN_SUSPICIOUS_MOVE = YES;
				CLANG_WARN_UNGUARDED_AVAILABILITY = YES_AGGRESSIVE;
				CLANG_WARN_UNREACHABLE_CODE = YES;
				CLANG_WARN__DUPLICATE_METHOD_MATCH = YES;
				COPY_PHASE_STRIP = NO;
				DEBUG_INFORMATION_FORMAT = "dwarf-with-dsym";
				ENABLE_NS_ASSERTIONS = NO;
				ENABLE_STRICT_OBJC_MSGSEND = YES;
				GCC_C_LANGUAGE_STANDARD = gnu11;
				GCC_NO_COMMON_BLOCKS = YES;
				GCC_WARN_64_TO_32_BIT_CONVERSION = YES;
				GCC_WARN_ABOUT_RETURN_TYPE = YES_ERROR;
				GCC_WARN_UNDECLARED_SELECTOR = YES;
				GCC_WARN_UNINITIALIZED_AUTOS = YES_AGGRESSIVE;
				GCC_WARN_UNUSED_FUNCTION = YES;
				GCC_WARN_UNUSED_VARIABLE = YES;
				IPHONEOS_DEPLOYMENT_TARGET = 16.2;
				MTL_ENABLE_DEBUG_INFO = NO;
				MTL_FAST_MATH = YES;
				SDKROOT = iphoneos;
				SWIFT_COMPILATION_MODE = wholemodule;
				SWIFT_OPTIMIZATION_LEVEL = "-O";
				VALIDATE_PRODUCT = YES;
			};
			name = Release;
		};
		B6C90EB0299ACC40004A008A /* Debug */ = {
			isa = XCBuildConfiguration;
			buildSettings = {
				ASSETCATALOG_COMPILER_APPICON_NAME = AppIcon;
				ASSETCATALOG_COMPILER_GLOBAL_ACCENT_COLOR_NAME = AccentColor;
				CODE_SIGN_STYLE = Automatic;
				CURRENT_PROJECT_VERSION = 1;
				DEVELOPMENT_ASSET_PATHS = "\"NewsApp/Preview Content\"";
				DEVELOPMENT_TEAM = AFU28XCKKE;
				ENABLE_PREVIEWS = YES;
				GENERATE_INFOPLIST_FILE = YES;
				INFOPLIST_KEY_UIApplicationSceneManifest_Generation = YES;
				INFOPLIST_KEY_UIApplicationSupportsIndirectInputEvents = YES;
				INFOPLIST_KEY_UILaunchScreen_Generation = YES;
				INFOPLIST_KEY_UISupportedInterfaceOrientations_iPad = "UIInterfaceOrientationPortrait UIInterfaceOrientationPortraitUpsideDown UIInterfaceOrientationLandscapeLeft UIInterfaceOrientationLandscapeRight";
				INFOPLIST_KEY_UISupportedInterfaceOrientations_iPhone = "UIInterfaceOrientationPortrait UIInterfaceOrientationLandscapeLeft UIInterfaceOrientationLandscapeRight";
				IPHONEOS_DEPLOYMENT_TARGET = 16.0;
				LD_RUNPATH_SEARCH_PATHS = (
					"$(inherited)",
					"@executable_path/Frameworks",
				);
				MARKETING_VERSION = 1.0;
				PRODUCT_BUNDLE_IDENTIFIER = com.app.norrisfacts.NewsApp;
				PRODUCT_NAME = "$(TARGET_NAME)";
				SWIFT_EMIT_LOC_STRINGS = YES;
				SWIFT_VERSION = 5.0;
				TARGETED_DEVICE_FAMILY = "1,2";
			};
			name = Debug;
		};
		B6C90EB1299ACC40004A008A /* Release */ = {
			isa = XCBuildConfiguration;
			buildSettings = {
				ASSETCATALOG_COMPILER_APPICON_NAME = AppIcon;
				ASSETCATALOG_COMPILER_GLOBAL_ACCENT_COLOR_NAME = AccentColor;
				CODE_SIGN_STYLE = Automatic;
				CURRENT_PROJECT_VERSION = 1;
				DEVELOPMENT_ASSET_PATHS = "\"NewsApp/Preview Content\"";
				DEVELOPMENT_TEAM = AFU28XCKKE;
				ENABLE_PREVIEWS = YES;
				GENERATE_INFOPLIST_FILE = YES;
				INFOPLIST_KEY_UIApplicationSceneManifest_Generation = YES;
				INFOPLIST_KEY_UIApplicationSupportsIndirectInputEvents = YES;
				INFOPLIST_KEY_UILaunchScreen_Generation = YES;
				INFOPLIST_KEY_UISupportedInterfaceOrientations_iPad = "UIInterfaceOrientationPortrait UIInterfaceOrientationPortraitUpsideDown UIInterfaceOrientationLandscapeLeft UIInterfaceOrientationLandscapeRight";
				INFOPLIST_KEY_UISupportedInterfaceOrientations_iPhone = "UIInterfaceOrientationPortrait UIInterfaceOrientationLandscapeLeft UIInterfaceOrientationLandscapeRight";
				IPHONEOS_DEPLOYMENT_TARGET = 16.0;
				LD_RUNPATH_SEARCH_PATHS = (
					"$(inherited)",
					"@executable_path/Frameworks",
				);
				MARKETING_VERSION = 1.0;
				PRODUCT_BUNDLE_IDENTIFIER = com.app.norrisfacts.NewsApp;
				PRODUCT_NAME = "$(TARGET_NAME)";
				SWIFT_EMIT_LOC_STRINGS = YES;
				SWIFT_VERSION = 5.0;
				TARGETED_DEVICE_FAMILY = "1,2";
			};
			name = Release;
		};
/* End XCBuildConfiguration section */

/* Begin XCConfigurationList section */
		B6C90E9C299ACC3E004A008A /* Build configuration list for PBXProject "NewsApp" */ = {
			isa = XCConfigurationList;
			buildConfigurations = (
				B6C90EAD299ACC40004A008A /* Debug */,
				B6C90EAE299ACC40004A008A /* Release */,
			);
			defaultConfigurationIsVisible = 0;
			defaultConfigurationName = Release;
		};
		B6C90EAF299ACC40004A008A /* Build configuration list for PBXNativeTarget "NewsApp" */ = {
			isa = XCConfigurationList;
			buildConfigurations = (
				B6C90EB0299ACC40004A008A /* Debug */,
				B6C90EB1299ACC40004A008A /* Release */,
			);
			defaultConfigurationIsVisible = 0;
			defaultConfigurationName = Release;
		};
/* End XCConfigurationList section */

/* Begin XCRemoteSwiftPackageReference section */
		B61641D1299ACD8A00008DAC /* XCRemoteSwiftPackageReference "SwiftKeychainWrapper" */ = {
			isa = XCRemoteSwiftPackageReference;
			repositoryURL = "https://github.com/jrendel/SwiftKeychainWrapper";
			requirement = {
				kind = upToNextMajorVersion;
				minimumVersion = 4.0.0;
			};
		};
		B648FDBF299BCC3600620A8F /* XCRemoteSwiftPackageReference "SDWebImageSwiftUI" */ = {
			isa = XCRemoteSwiftPackageReference;
			repositoryURL = "https://github.com/SDWebImage/SDWebImageSwiftUI";
			requirement = {
				branch = master;
				kind = branch;
			};
		};
/* End XCRemoteSwiftPackageReference section */

/* Begin XCSwiftPackageProductDependency section */
		B61641D2299ACD8A00008DAC /* SwiftKeychainWrapper */ = {
			isa = XCSwiftPackageProductDependency;
			package = B61641D1299ACD8A00008DAC /* XCRemoteSwiftPackageReference "SwiftKeychainWrapper" */;
			productName = SwiftKeychainWrapper;
		};
		B648FDC0299BCC3600620A8F /* SDWebImageSwiftUI */ = {
			isa = XCSwiftPackageProductDependency;
			package = B648FDBF299BCC3600620A8F /* XCRemoteSwiftPackageReference "SDWebImageSwiftUI" */;
			productName = SDWebImageSwiftUI;
		};
/* End XCSwiftPackageProductDependency section */
	};
	rootObject = B6C90E99299ACC3E004A008A /* Project object */;
}
